
Microsoft Visual Studio Solution File, Format Version 12.00
# Visual Studio 15
VisualStudioVersion = 15.0.28307.136
MinimumVisualStudioVersion = 10.0.40219.1
Project("{FAE04EC0-301F-11D3-BF4B-00C04F79EFBC}") = "Tra-Verse", "Tra-Verse\Tra-Verse.csproj", "{D31712E2-17BF-4D2B-A69C-E2866FB86B02}"
EndProject
Global
	GlobalSection(SolutionConfigurationPlatforms) = preSolution
		Debug|Any CPU = Debug|Any CPU
		Release|Any CPU = Release|Any CPU
	EndGlobalSection
	GlobalSection(ProjectConfigurationPlatforms) = postSolution
		{D31712E2-17BF-4D2B-A69C-E2866FB86B02}.Debug|Any CPU.ActiveCfg = Debug|Any CPU
		{D31712E2-17BF-4D2B-A69C-E2866FB86B02}.Debug|Any CPU.Build.0 = Debug|Any CPU
		{D31712E2-17BF-4D2B-A69C-E2866FB86B02}.Release|Any CPU.ActiveCfg = Release|Any CPU
		{D31712E2-17BF-4D2B-A69C-E2866FB86B02}.Release|Any CPU.Build.0 = Release|Any CPU
	EndGlobalSection
	GlobalSection(SolutionProperties) = preSolution
		HideSolutionNode = FALSE
	EndGlobalSection
	GlobalSection(ExtensibilityGlobals) = postSolution
		SolutionGuid = {C2CA6EA1-3F1E-4E3C-90BB-024FAF8B7898}
	EndGlobalSection
EndGlobal
